
Microsoft Visual Studio Solution File, Format Version 12.00
# Visual Studio 15
VisualStudioVersion = 15.0.26124.0
MinimumVisualStudioVersion = 15.0.26124.0
Project("{FAE04EC0-301F-11D3-BF4B-00C04F79EFBC}") = "ContractsCore", "ContractsCore\ContractsCore.csproj", "{50643AB8-8017-4B3B-AFEF-F65AD41AF58E}"
EndProject
Project("{FAE04EC0-301F-11D3-BF4B-00C04F79EFBC}") = "TokenSystem", "TokenSystem\TokenSystem.csproj", "{A2746C5E-5498-4F92-9D17-A1CEDA6EFFB8}"
EndProject
Project("{FAE04EC0-301F-11D3-BF4B-00C04F79EFBC}") = "TokenSystem.Tests", "TokenSystem.Tests\TokenSystem.Tests.csproj", "{CA845CDD-BC48-443D-A4E4-F1D41345EC07}"
EndProject
Project("{FAE04EC0-301F-11D3-BF4B-00C04F79EFBC}") = "ContractsCore.Tests", "ContractsCore.Tests\ContractsCore.Tests.csproj", "{C0080490-F39F-44BC-9C14-9AC2909D8E8A}"
EndProject
Global
	GlobalSection(SolutionConfigurationPlatforms) = preSolution
		Debug|Any CPU = Debug|Any CPU
		Debug|x64 = Debug|x64
		Debug|x86 = Debug|x86
		Release|Any CPU = Release|Any CPU
		Release|x64 = Release|x64
		Release|x86 = Release|x86
	EndGlobalSection
	GlobalSection(SolutionProperties) = preSolution
		HideSolutionNode = FALSE
	EndGlobalSection
	GlobalSection(ProjectConfigurationPlatforms) = postSolution
		{50643AB8-8017-4B3B-AFEF-F65AD41AF58E}.Debug|Any CPU.ActiveCfg = Debug|Any CPU
		{50643AB8-8017-4B3B-AFEF-F65AD41AF58E}.Debug|Any CPU.Build.0 = Debug|Any CPU
		{50643AB8-8017-4B3B-AFEF-F65AD41AF58E}.Debug|x64.ActiveCfg = Debug|Any CPU
		{50643AB8-8017-4B3B-AFEF-F65AD41AF58E}.Debug|x64.Build.0 = Debug|Any CPU
		{50643AB8-8017-4B3B-AFEF-F65AD41AF58E}.Debug|x86.ActiveCfg = Debug|Any CPU
		{50643AB8-8017-4B3B-AFEF-F65AD41AF58E}.Debug|x86.Build.0 = Debug|Any CPU
		{50643AB8-8017-4B3B-AFEF-F65AD41AF58E}.Release|Any CPU.ActiveCfg = Release|Any CPU
		{50643AB8-8017-4B3B-AFEF-F65AD41AF58E}.Release|Any CPU.Build.0 = Release|Any CPU
		{50643AB8-8017-4B3B-AFEF-F65AD41AF58E}.Release|x64.ActiveCfg = Release|Any CPU
		{50643AB8-8017-4B3B-AFEF-F65AD41AF58E}.Release|x64.Build.0 = Release|Any CPU
		{50643AB8-8017-4B3B-AFEF-F65AD41AF58E}.Release|x86.ActiveCfg = Release|Any CPU
		{50643AB8-8017-4B3B-AFEF-F65AD41AF58E}.Release|x86.Build.0 = Release|Any CPU
		{A2746C5E-5498-4F92-9D17-A1CEDA6EFFB8}.Debug|Any CPU.ActiveCfg = Debug|Any CPU
		{A2746C5E-5498-4F92-9D17-A1CEDA6EFFB8}.Debug|Any CPU.Build.0 = Debug|Any CPU
		{A2746C5E-5498-4F92-9D17-A1CEDA6EFFB8}.Debug|x64.ActiveCfg = Debug|Any CPU
		{A2746C5E-5498-4F92-9D17-A1CEDA6EFFB8}.Debug|x64.Build.0 = Debug|Any CPU
		{A2746C5E-5498-4F92-9D17-A1CEDA6EFFB8}.Debug|x86.ActiveCfg = Debug|Any CPU
		{A2746C5E-5498-4F92-9D17-A1CEDA6EFFB8}.Debug|x86.Build.0 = Debug|Any CPU
		{A2746C5E-5498-4F92-9D17-A1CEDA6EFFB8}.Release|Any CPU.ActiveCfg = Release|Any CPU
		{A2746C5E-5498-4F92-9D17-A1CEDA6EFFB8}.Release|Any CPU.Build.0 = Release|Any CPU
		{A2746C5E-5498-4F92-9D17-A1CEDA6EFFB8}.Release|x64.ActiveCfg = Release|Any CPU
		{A2746C5E-5498-4F92-9D17-A1CEDA6EFFB8}.Release|x64.Build.0 = Release|Any CPU
		{A2746C5E-5498-4F92-9D17-A1CEDA6EFFB8}.Release|x86.ActiveCfg = Release|Any CPU
		{A2746C5E-5498-4F92-9D17-A1CEDA6EFFB8}.Release|x86.Build.0 = Release|Any CPU
		{CA845CDD-BC48-443D-A4E4-F1D41345EC07}.Debug|Any CPU.ActiveCfg = Debug|Any CPU
		{CA845CDD-BC48-443D-A4E4-F1D41345EC07}.Debug|Any CPU.Build.0 = Debug|Any CPU
		{CA845CDD-BC48-443D-A4E4-F1D41345EC07}.Debug|x64.ActiveCfg = Debug|Any CPU
		{CA845CDD-BC48-443D-A4E4-F1D41345EC07}.Debug|x64.Build.0 = Debug|Any CPU
		{CA845CDD-BC48-443D-A4E4-F1D41345EC07}.Debug|x86.ActiveCfg = Debug|Any CPU
		{CA845CDD-BC48-443D-A4E4-F1D41345EC07}.Debug|x86.Build.0 = Debug|Any CPU
		{CA845CDD-BC48-443D-A4E4-F1D41345EC07}.Release|Any CPU.ActiveCfg = Release|Any CPU
		{CA845CDD-BC48-443D-A4E4-F1D41345EC07}.Release|Any CPU.Build.0 = Release|Any CPU
		{CA845CDD-BC48-443D-A4E4-F1D41345EC07}.Release|x64.ActiveCfg = Release|Any CPU
		{CA845CDD-BC48-443D-A4E4-F1D41345EC07}.Release|x64.Build.0 = Release|Any CPU
		{CA845CDD-BC48-443D-A4E4-F1D41345EC07}.Release|x86.ActiveCfg = Release|Any CPU
		{CA845CDD-BC48-443D-A4E4-F1D41345EC07}.Release|x86.Build.0 = Release|Any CPU
		{C0080490-F39F-44BC-9C14-9AC2909D8E8A}.Debug|Any CPU.ActiveCfg = Debug|Any CPU
		{C0080490-F39F-44BC-9C14-9AC2909D8E8A}.Debug|Any CPU.Build.0 = Debug|Any CPU
		{C0080490-F39F-44BC-9C14-9AC2909D8E8A}.Debug|x64.ActiveCfg = Debug|Any CPU
		{C0080490-F39F-44BC-9C14-9AC2909D8E8A}.Debug|x64.Build.0 = Debug|Any CPU
		{C0080490-F39F-44BC-9C14-9AC2909D8E8A}.Debug|x86.ActiveCfg = Debug|Any CPU
		{C0080490-F39F-44BC-9C14-9AC2909D8E8A}.Debug|x86.Build.0 = Debug|Any CPU
		{C0080490-F39F-44BC-9C14-9AC2909D8E8A}.Release|Any CPU.ActiveCfg = Release|Any CPU
		{C0080490-F39F-44BC-9C14-9AC2909D8E8A}.Release|Any CPU.Build.0 = Release|Any CPU
		{C0080490-F39F-44BC-9C14-9AC2909D8E8A}.Release|x64.ActiveCfg = Release|Any CPU
		{C0080490-F39F-44BC-9C14-9AC2909D8E8A}.Release|x64.Build.0 = Release|Any CPU
		{C0080490-F39F-44BC-9C14-9AC2909D8E8A}.Release|x86.ActiveCfg = Release|Any CPU
		{C0080490-F39F-44BC-9C14-9AC2909D8E8A}.Release|x86.Build.0 = Release|Any CPU
	EndGlobalSection
EndGlobal
