
Microsoft Visual Studio Solution File, Format Version 12.00
# Visual Studio 15
VisualStudioVersion = 15.0.26124.0
MinimumVisualStudioVersion = 15.0.26124.0
Project("{9A19103F-16F7-4668-BE54-9A1E7A4F7556}") = "StrongForce.Core", "StrongForce.Core\StrongForce.Core.csproj", "{50643AB8-8017-4B3B-AFEF-F65AD41AF58E}"
EndProject
Project("{9A19103F-16F7-4668-BE54-9A1E7A4F7556}") = "StrongForce.Core.Tests", "StrongForce.Core.Tests\StrongForce.Core.Tests.csproj", "{C0080490-F39F-44BC-9C14-9AC2909D8E8A}"
EndProject
Project("{9A19103F-16F7-4668-BE54-9A1E7A4F7556}") = "StrongForce.Integrations.Cosmos", "StrongForce.Integrations.Cosmos\StrongForce.Integrations.Cosmos.csproj", "{79C9F71C-4F82-4228-AF2B-49AF98DB8A57}"
EndProject
Project("{9A19103F-16F7-4668-BE54-9A1E7A4F7556}") = "StrongForce.Integrations.Cosmos.Tests", "StrongForce.Integrations.Cosmos.Tests\StrongForce.Integrations.Cosmos.Tests.csproj", "{39004745-B7A5-47BA-A08F-F7FFF4E48608}"
EndProject
Project("{9A19103F-16F7-4668-BE54-9A1E7A4F7556}") = "StrongForce.Integrations.Cosmos.IntegrationTest", "StrongForce.Integrations.Cosmos.IntegrationTest\StrongForce.Integrations.Cosmos.IntegrationTest.csproj", "{6E7BA6D8-A6A9-4932-A2FE-B0CE85FB0EAD}"
EndProject
Global
	GlobalSection(SolutionConfigurationPlatforms) = preSolution
		Debug|Any CPU = Debug|Any CPU
		Debug|x64 = Debug|x64
		Debug|x86 = Debug|x86
		Release|Any CPU = Release|Any CPU
		Release|x64 = Release|x64
		Release|x86 = Release|x86
	EndGlobalSection
	GlobalSection(ProjectConfigurationPlatforms) = postSolution
		{50643AB8-8017-4B3B-AFEF-F65AD41AF58E}.Debug|Any CPU.ActiveCfg = Debug|Any CPU
		{50643AB8-8017-4B3B-AFEF-F65AD41AF58E}.Debug|Any CPU.Build.0 = Debug|Any CPU
		{50643AB8-8017-4B3B-AFEF-F65AD41AF58E}.Debug|x64.ActiveCfg = Debug|Any CPU
		{50643AB8-8017-4B3B-AFEF-F65AD41AF58E}.Debug|x64.Build.0 = Debug|Any CPU
		{50643AB8-8017-4B3B-AFEF-F65AD41AF58E}.Debug|x86.ActiveCfg = Debug|Any CPU
		{50643AB8-8017-4B3B-AFEF-F65AD41AF58E}.Debug|x86.Build.0 = Debug|Any CPU
		{50643AB8-8017-4B3B-AFEF-F65AD41AF58E}.Release|Any CPU.ActiveCfg = Release|Any CPU
		{50643AB8-8017-4B3B-AFEF-F65AD41AF58E}.Release|Any CPU.Build.0 = Release|Any CPU
		{50643AB8-8017-4B3B-AFEF-F65AD41AF58E}.Release|x64.ActiveCfg = Release|Any CPU
		{50643AB8-8017-4B3B-AFEF-F65AD41AF58E}.Release|x64.Build.0 = Release|Any CPU
		{50643AB8-8017-4B3B-AFEF-F65AD41AF58E}.Release|x86.ActiveCfg = Release|Any CPU
		{50643AB8-8017-4B3B-AFEF-F65AD41AF58E}.Release|x86.Build.0 = Release|Any CPU
		{C0080490-F39F-44BC-9C14-9AC2909D8E8A}.Debug|Any CPU.ActiveCfg = Debug|Any CPU
		{C0080490-F39F-44BC-9C14-9AC2909D8E8A}.Debug|Any CPU.Build.0 = Debug|Any CPU
		{C0080490-F39F-44BC-9C14-9AC2909D8E8A}.Debug|x64.ActiveCfg = Debug|Any CPU
		{C0080490-F39F-44BC-9C14-9AC2909D8E8A}.Debug|x64.Build.0 = Debug|Any CPU
		{C0080490-F39F-44BC-9C14-9AC2909D8E8A}.Debug|x86.ActiveCfg = Debug|Any CPU
		{C0080490-F39F-44BC-9C14-9AC2909D8E8A}.Debug|x86.Build.0 = Debug|Any CPU
		{C0080490-F39F-44BC-9C14-9AC2909D8E8A}.Release|Any CPU.ActiveCfg = Release|Any CPU
		{C0080490-F39F-44BC-9C14-9AC2909D8E8A}.Release|Any CPU.Build.0 = Release|Any CPU
		{C0080490-F39F-44BC-9C14-9AC2909D8E8A}.Release|x64.ActiveCfg = Release|Any CPU
		{C0080490-F39F-44BC-9C14-9AC2909D8E8A}.Release|x64.Build.0 = Release|Any CPU
		{C0080490-F39F-44BC-9C14-9AC2909D8E8A}.Release|x86.ActiveCfg = Release|Any CPU
		{C0080490-F39F-44BC-9C14-9AC2909D8E8A}.Release|x86.Build.0 = Release|Any CPU
		{79C9F71C-4F82-4228-AF2B-49AF98DB8A57}.Debug|Any CPU.ActiveCfg = Debug|Any CPU
		{79C9F71C-4F82-4228-AF2B-49AF98DB8A57}.Debug|Any CPU.Build.0 = Debug|Any CPU
		{79C9F71C-4F82-4228-AF2B-49AF98DB8A57}.Debug|x64.ActiveCfg = Debug|Any CPU
		{79C9F71C-4F82-4228-AF2B-49AF98DB8A57}.Debug|x64.Build.0 = Debug|Any CPU
		{79C9F71C-4F82-4228-AF2B-49AF98DB8A57}.Debug|x86.ActiveCfg = Debug|Any CPU
		{79C9F71C-4F82-4228-AF2B-49AF98DB8A57}.Debug|x86.Build.0 = Debug|Any CPU
		{79C9F71C-4F82-4228-AF2B-49AF98DB8A57}.Release|Any CPU.ActiveCfg = Release|Any CPU
		{79C9F71C-4F82-4228-AF2B-49AF98DB8A57}.Release|Any CPU.Build.0 = Release|Any CPU
		{79C9F71C-4F82-4228-AF2B-49AF98DB8A57}.Release|x64.ActiveCfg = Release|Any CPU
		{79C9F71C-4F82-4228-AF2B-49AF98DB8A57}.Release|x64.Build.0 = Release|Any CPU
		{79C9F71C-4F82-4228-AF2B-49AF98DB8A57}.Release|x86.ActiveCfg = Release|Any CPU
		{79C9F71C-4F82-4228-AF2B-49AF98DB8A57}.Release|x86.Build.0 = Release|Any CPU
		{39004745-B7A5-47BA-A08F-F7FFF4E48608}.Debug|Any CPU.ActiveCfg = Debug|Any CPU
		{39004745-B7A5-47BA-A08F-F7FFF4E48608}.Debug|Any CPU.Build.0 = Debug|Any CPU
		{39004745-B7A5-47BA-A08F-F7FFF4E48608}.Debug|x64.ActiveCfg = Debug|Any CPU
		{39004745-B7A5-47BA-A08F-F7FFF4E48608}.Debug|x64.Build.0 = Debug|Any CPU
		{39004745-B7A5-47BA-A08F-F7FFF4E48608}.Debug|x86.ActiveCfg = Debug|Any CPU
		{39004745-B7A5-47BA-A08F-F7FFF4E48608}.Debug|x86.Build.0 = Debug|Any CPU
		{39004745-B7A5-47BA-A08F-F7FFF4E48608}.Release|Any CPU.ActiveCfg = Release|Any CPU
		{39004745-B7A5-47BA-A08F-F7FFF4E48608}.Release|Any CPU.Build.0 = Release|Any CPU
		{39004745-B7A5-47BA-A08F-F7FFF4E48608}.Release|x64.ActiveCfg = Release|Any CPU
		{39004745-B7A5-47BA-A08F-F7FFF4E48608}.Release|x64.Build.0 = Release|Any CPU
		{39004745-B7A5-47BA-A08F-F7FFF4E48608}.Release|x86.ActiveCfg = Release|Any CPU
		{39004745-B7A5-47BA-A08F-F7FFF4E48608}.Release|x86.Build.0 = Release|Any CPU
		{6E7BA6D8-A6A9-4932-A2FE-B0CE85FB0EAD}.Debug|Any CPU.ActiveCfg = Debug|Any CPU
		{6E7BA6D8-A6A9-4932-A2FE-B0CE85FB0EAD}.Debug|Any CPU.Build.0 = Debug|Any CPU
		{6E7BA6D8-A6A9-4932-A2FE-B0CE85FB0EAD}.Debug|x64.ActiveCfg = Debug|Any CPU
		{6E7BA6D8-A6A9-4932-A2FE-B0CE85FB0EAD}.Debug|x64.Build.0 = Debug|Any CPU
		{6E7BA6D8-A6A9-4932-A2FE-B0CE85FB0EAD}.Debug|x86.ActiveCfg = Debug|Any CPU
		{6E7BA6D8-A6A9-4932-A2FE-B0CE85FB0EAD}.Debug|x86.Build.0 = Debug|Any CPU
		{6E7BA6D8-A6A9-4932-A2FE-B0CE85FB0EAD}.Release|Any CPU.ActiveCfg = Release|Any CPU
		{6E7BA6D8-A6A9-4932-A2FE-B0CE85FB0EAD}.Release|Any CPU.Build.0 = Release|Any CPU
		{6E7BA6D8-A6A9-4932-A2FE-B0CE85FB0EAD}.Release|x64.ActiveCfg = Release|Any CPU
		{6E7BA6D8-A6A9-4932-A2FE-B0CE85FB0EAD}.Release|x64.Build.0 = Release|Any CPU
		{6E7BA6D8-A6A9-4932-A2FE-B0CE85FB0EAD}.Release|x86.ActiveCfg = Release|Any CPU
		{6E7BA6D8-A6A9-4932-A2FE-B0CE85FB0EAD}.Release|x86.Build.0 = Release|Any CPU
	EndGlobalSection
	GlobalSection(SolutionProperties) = preSolution
		HideSolutionNode = FALSE
	EndGlobalSection
	GlobalSection(ExtensibilityGlobals) = postSolution
		SolutionGuid = {A1CAE719-FB86-41B4-BBC9-214F06A6D5D1}
	EndGlobalSection
EndGlobal